{
  "name": "tutorial",
  "version": "1.0.0",
  "lockfileVersion": 3,
  "requires": true,
  "packages": {
    "": {
      "name": "tutorial",
      "version": "1.0.0",
      "license": "ISC",
      "dependencies": {
        "bootstar": "^0.0.1-security",
        "lodash": "^4.18.1"
      }
    },
    "node_modules/bootstar": {
      "version": "0.0.1-security",
      "resolved": "https://registry.npmjs.org/bootstar/-/bootstar-0.0.1-security.tgz",
      "integrity": "sha512-cQHev9ftLtxMEOf7qjyenlRzx9nIQU146dZHjVjiwRM1o8bCSrUN4/6Pnw7BYltq0Nq8K8ddanl6ufQVZHm3uw=="
    },
    "node_modules/lodash": {
      "version": "4.18.1",
      "resolved": "https://registry.npmjs.org/lodash/-/lodash-4.18.1.tgz",
      "integrity": "sha512-dMInicTPVE8d1e5otfwmmjlxkZoUpiVLwyeTdUsi/Caj/gfzzblBcCE5sRHV/AsjuCmxWrte2TNGSYuCeCq+0Q==",
      "license": "MIT"
    }
  }
}
